// !$*UTF8*$!
{
	archiveVersion = 1;
	classes = {
	};
	objectVersion = 46;
	objects = {

/* Begin PBXBuildFile section */
		AE1BCD121911D14B00AAD7E5 /* FOGMJPEGDataReader.m in Sources */ = {isa = PBXBuildFile; fileRef = AE1BCD111911D14B00AAD7E5 /* FOGMJPEGDataReader.m */; };
		AE1BCD17191486CD00AAD7E5 /* Camera.m in Sources */ = {isa = PBXBuildFile; fileRef = AE1BCD16191486CD00AAD7E5 /* Camera.m */; };
		AEF3199219087B3D0066BFAC /* InfoPlist.strings in Resources */ = {isa = PBXBuildFile; fileRef = AEF3199019087B3D0066BFAC /* InfoPlist.strings */; };
		AEF3199419087B3D0066BFAC /* main.m in Sources */ = {isa = PBXBuildFile; fileRef = AEF3199319087B3D0066BFAC /* main.m */; };
		AEF3199819087B3D0066BFAC /* FOGAppDelegate.m in Sources */ = {isa = PBXBuildFile; fileRef = AEF3199719087B3D0066BFAC /* FOGAppDelegate.m */; };
		AEF3199B19087B3D0066BFAC /* Main.storyboard in Resources */ = {isa = PBXBuildFile; fileRef = AEF3199919087B3D0066BFAC /* Main.storyboard */; };
		AEF3199E19087B3D0066BFAC /* FOGViewController.m in Sources */ = {isa = PBXBuildFile; fileRef = AEF3199D19087B3D0066BFAC /* FOGViewController.m */; };
		AEF319A019087B3D0066BFAC /* Images.xcassets in Resources */ = {isa = PBXBuildFile; fileRef = AEF3199F19087B3D0066BFAC /* Images.xcassets */; };
		AEF319C5190880410066BFAC /* FOGMJPEGImageView.m in Sources */ = {isa = PBXBuildFile; fileRef = AEF319C4190880410066BFAC /* FOGMJPEGImageView.m */; };
		AEF319CB1908844E0066BFAC /* FOGJPEGImageMarker.m in Sources */ = {isa = PBXBuildFile; fileRef = AEF319CA1908844E0066BFAC /* FOGJPEGImageMarker.m */; };
/* End PBXBuildFile section */

/* Begin PBXFileReference section */
		AE1BCD101911D14B00AAD7E5 /* FOGMJPEGDataReader.h */ = {isa = PBXFileReference; fileEncoding = 4; lastKnownFileType = sourcecode.c.h; path = FOGMJPEGDataReader.h; sourceTree = "<group>"; };
		AE1BCD111911D14B00AAD7E5 /* FOGMJPEGDataReader.m */ = {isa = PBXFileReference; fileEncoding = 4; lastKnownFileType = sourcecode.c.objc; path = FOGMJPEGDataReader.m; sourceTree = "<group>"; };
		AE1BCD15191486CD00AAD7E5 /* Camera.h */ = {isa = PBXFileReference; fileEncoding = 4; lastKnownFileType = sourcecode.c.h; name = Camera.h; path = Models/Camera.h; sourceTree = "<group>"; };
		AE1BCD16191486CD00AAD7E5 /* Camera.m */ = {isa = PBXFileReference; fileEncoding = 4; lastKnownFileType = sourcecode.c.objc; name = Camera.m; path = Models/Camera.m; sourceTree = "<group>"; };
		AEF3198419087B3D0066BFAC /* FOGMJPEGImageView Example.app */ = {isa = PBXFileReference; explicitFileType = wrapper.application; includeInIndex = 0; path = "FOGMJPEGImageView Example.app"; sourceTree = BUILT_PRODUCTS_DIR; };
		AEF3198F19087B3D0066BFAC /* FOGMJPEGImageView Example-Info.plist */ = {isa = PBXFileReference; lastKnownFileType = text.plist.xml; path = "FOGMJPEGImageView Example-Info.plist"; sourceTree = "<group>"; };
		AEF3199119087B3D0066BFAC /* en */ = {isa = PBXFileReference; lastKnownFileType = text.plist.strings; name = en; path = en.lproj/InfoPlist.strings; sourceTree = "<group>"; };
		AEF3199319087B3D0066BFAC /* main.m */ = {isa = PBXFileReference; lastKnownFileType = sourcecode.c.objc; path = main.m; sourceTree = "<group>"; };
		AEF3199519087B3D0066BFAC /* FOGMJPEGImageView Example-Prefix.pch */ = {isa = PBXFileReference; lastKnownFileType = sourcecode.c.h; path = "FOGMJPEGImageView Example-Prefix.pch"; sourceTree = "<group>"; };
		AEF3199619087B3D0066BFAC /* FOGAppDelegate.h */ = {isa = PBXFileReference; lastKnownFileType = sourcecode.c.h; path = FOGAppDelegate.h; sourceTree = "<group>"; };
		AEF3199719087B3D0066BFAC /* FOGAppDelegate.m */ = {isa = PBXFileReference; lastKnownFileType = sourcecode.c.objc; path = FOGAppDelegate.m; sourceTree = "<group>"; };
		AEF3199A19087B3D0066BFAC /* Base */ = {isa = PBXFileReference; lastKnownFileType = file.storyboard; name = Base; path = Base.lproj/Main.storyboard; sourceTree = "<group>"; };
		AEF3199C19087B3D0066BFAC /* FOGViewController.h */ = {isa = PBXFileReference; lastKnownFileType = sourcecode.c.h; path = FOGViewController.h; sourceTree = "<group>"; };
		AEF3199D19087B3D0066BFAC /* FOGViewController.m */ = {isa = PBXFileReference; lastKnownFileType = sourcecode.c.objc; path = FOGViewController.m; sourceTree = "<group>"; };
		AEF3199F19087B3D0066BFAC /* Images.xcassets */ = {isa = PBXFileReference; lastKnownFileType = folder.assetcatalog; path = Images.xcassets; sourceTree = "<group>"; };
		AEF319C3190880410066BFAC /* FOGMJPEGImageView.h */ = {isa = PBXFileReference; fileEncoding = 4; lastKnownFileType = sourcecode.c.h; path = FOGMJPEGImageView.h; sourceTree = "<group>"; };
		AEF319C4190880410066BFAC /* FOGMJPEGImageView.m */ = {isa = PBXFileReference; fileEncoding = 4; lastKnownFileType = sourcecode.c.objc; path = FOGMJPEGImageView.m; sourceTree = "<group>"; };
		AEF319C91908844E0066BFAC /* FOGJPEGImageMarker.h */ = {isa = PBXFileReference; fileEncoding = 4; lastKnownFileType = sourcecode.c.h; path = FOGJPEGImageMarker.h; sourceTree = "<group>"; };
		AEF319CA1908844E0066BFAC /* FOGJPEGImageMarker.m */ = {isa = PBXFileReference; fileEncoding = 4; lastKnownFileType = sourcecode.c.objc; path = FOGJPEGImageMarker.m; sourceTree = "<group>"; };
/* End PBXFileReference section */

/* Begin PBXFrameworksBuildPhase section */
		AEF3198119087B3D0066BFAC /* Frameworks */ = {
			isa = PBXFrameworksBuildPhase;
			buildActionMask = 2147483647;
			files = (
			);
			runOnlyForDeploymentPostprocessing = 0;
		};
/* End PBXFrameworksBuildPhase section */

/* Begin PBXGroup section */
		AE1BCD13191486A500AAD7E5 /* Models */ = {
			isa = PBXGroup;
			children = (
				AE1BCD15191486CD00AAD7E5 /* Camera.h */,
				AE1BCD16191486CD00AAD7E5 /* Camera.m */,
			);
			name = Models;
			sourceTree = "<group>";
		};
		AE1BCD14191486AB00AAD7E5 /* Controllers */ = {
			isa = PBXGroup;
			children = (
			);
			name = Controllers;
			sourceTree = "<group>";
		};
		AEF3197B19087B3D0066BFAC = {
			isa = PBXGroup;
			children = (
				AEF3198D19087B3D0066BFAC /* FOGMJPEGImageView Example */,
				AEF319C019087FFD0066BFAC /* Vendor */,
				AEF3198519087B3D0066BFAC /* Products */,
			);
			sourceTree = "<group>";
		};
		AEF3198519087B3D0066BFAC /* Products */ = {
			isa = PBXGroup;
			children = (
				AEF3198419087B3D0066BFAC /* FOGMJPEGImageView Example.app */,
			);
			name = Products;
			sourceTree = "<group>";
		};
		AEF3198D19087B3D0066BFAC /* FOGMJPEGImageView Example */ = {
			isa = PBXGroup;
			children = (
				AE1BCD14191486AB00AAD7E5 /* Controllers */,
				AE1BCD13191486A500AAD7E5 /* Models */,
				AEF3199619087B3D0066BFAC /* FOGAppDelegate.h */,
				AEF3199719087B3D0066BFAC /* FOGAppDelegate.m */,
				AEF3199C19087B3D0066BFAC /* FOGViewController.h */,
				AEF3199D19087B3D0066BFAC /* FOGViewController.m */,
				AEF3199F19087B3D0066BFAC /* Images.xcassets */,
				AEF3199919087B3D0066BFAC /* Main.storyboard */,
				AEF3198E19087B3D0066BFAC /* Supporting Files */,
			);
			path = "FOGMJPEGImageView Example";
			sourceTree = "<group>";
		};
		AEF3198E19087B3D0066BFAC /* Supporting Files */ = {
			isa = PBXGroup;
			children = (
				AEF3198F19087B3D0066BFAC /* FOGMJPEGImageView Example-Info.plist */,
				AEF3199019087B3D0066BFAC /* InfoPlist.strings */,
				AEF3199319087B3D0066BFAC /* main.m */,
				AEF3199519087B3D0066BFAC /* FOGMJPEGImageView Example-Prefix.pch */,
			);
			name = "Supporting Files";
			sourceTree = "<group>";
		};
		AEF319C019087FFD0066BFAC /* Vendor */ = {
			isa = PBXGroup;
			children = (
				AEF319C2190880410066BFAC /* FOGMJPEGImageView */,
			);
			name = Vendor;
			sourceTree = "<group>";
		};
		AEF319C2190880410066BFAC /* FOGMJPEGImageView */ = {
			isa = PBXGroup;
			children = (
				AEF319C91908844E0066BFAC /* FOGJPEGImageMarker.h */,
				AEF319CA1908844E0066BFAC /* FOGJPEGImageMarker.m */,
				AE1BCD101911D14B00AAD7E5 /* FOGMJPEGDataReader.h */,
				AE1BCD111911D14B00AAD7E5 /* FOGMJPEGDataReader.m */,
				AEF319C3190880410066BFAC /* FOGMJPEGImageView.h */,
				AEF319C4190880410066BFAC /* FOGMJPEGImageView.m */,
			);
			name = FOGMJPEGImageView;
			path = ../FOGMJPEGImageView;
			sourceTree = "<group>";
		};
/* End PBXGroup section */

/* Begin PBXNativeTarget section */
		AEF3198319087B3D0066BFAC /* FOGMJPEGImageView Example */ = {
			isa = PBXNativeTarget;
			buildConfigurationList = AEF319B619087B3D0066BFAC /* Build configuration list for PBXNativeTarget "FOGMJPEGImageView Example" */;
			buildPhases = (
				AEF3198019087B3D0066BFAC /* Sources */,
				AEF3198119087B3D0066BFAC /* Frameworks */,
				AEF3198219087B3D0066BFAC /* Resources */,
			);
			buildRules = (
			);
			dependencies = (
			);
			name = "FOGMJPEGImageView Example";
			productName = "FOGMJPEGImageView Example";
			productReference = AEF3198419087B3D0066BFAC /* FOGMJPEGImageView Example.app */;
			productType = "com.apple.product-type.application";
		};
/* End PBXNativeTarget section */

/* Begin PBXProject section */
		AEF3197C19087B3D0066BFAC /* Project object */ = {
			isa = PBXProject;
			attributes = {
				CLASSPREFIX = FOG;
				LastUpgradeCheck = 0510;
				ORGANIZATIONNAME = Foggy;
			};
			buildConfigurationList = AEF3197F19087B3D0066BFAC /* Build configuration list for PBXProject "FOGMJPEGImageView Example" */;
			compatibilityVersion = "Xcode 3.2";
			developmentRegion = English;
			hasScannedForEncodings = 0;
			knownRegions = (
				en,
				Base,
			);
			mainGroup = AEF3197B19087B3D0066BFAC;
			productRefGroup = AEF3198519087B3D0066BFAC /* Products */;
			projectDirPath = "";
			projectRoot = "";
			targets = (
				AEF3198319087B3D0066BFAC /* FOGMJPEGImageView Example */,
			);
		};
/* End PBXProject section */

/* Begin PBXResourcesBuildPhase section */
		AEF3198219087B3D0066BFAC /* Resources */ = {
			isa = PBXResourcesBuildPhase;
			buildActionMask = 2147483647;
			files = (
				AEF319A019087B3D0066BFAC /* Images.xcassets in Resources */,
				AEF3199219087B3D0066BFAC /* InfoPlist.strings in Resources */,
				AEF3199B19087B3D0066BFAC /* Main.storyboard in Resources */,
			);
			runOnlyForDeploymentPostprocessing = 0;
		};
/* End PBXResourcesBuildPhase section */

/* Begin PBXSourcesBuildPhase section */
		AEF3198019087B3D0066BFAC /* Sources */ = {
			isa = PBXSourcesBuildPhase;
			buildActionMask = 2147483647;
			files = (
				AE1BCD17191486CD00AAD7E5 /* Camera.m in Sources */,
				AEF3199419087B3D0066BFAC /* main.m in Sources */,
				AEF3199819087B3D0066BFAC /* FOGAppDelegate.m in Sources */,
				AEF3199E19087B3D0066BFAC /* FOGViewController.m in Sources */,
				AEF319CB1908844E0066BFAC /* FOGJPEGImageMarker.m in Sources */,
				AEF319C5190880410066BFAC /* FOGMJPEGImageView.m in Sources */,
				AE1BCD121911D14B00AAD7E5 /* FOGMJPEGDataReader.m in Sources */,
			);
			runOnlyForDeploymentPostprocessing = 0;
		};
/* End PBXSourcesBuildPhase section */

/* Begin PBXVariantGroup section */
		AEF3199019087B3D0066BFAC /* InfoPlist.strings */ = {
			isa = PBXVariantGroup;
			children = (
				AEF3199119087B3D0066BFAC /* en */,
			);
			name = InfoPlist.strings;
			sourceTree = "<group>";
		};
		AEF3199919087B3D0066BFAC /* Main.storyboard */ = {
			isa = PBXVariantGroup;
			children = (
				AEF3199A19087B3D0066BFAC /* Base */,
			);
			name = Main.storyboard;
			sourceTree = "<group>";
		};
/* End PBXVariantGroup section */

/* Begin XCBuildConfiguration section */
		AEF319B419087B3D0066BFAC /* Debug */ = {
			isa = XCBuildConfiguration;
			buildSettings = {
				ALWAYS_SEARCH_USER_PATHS = NO;
				CLANG_CXX_LANGUAGE_STANDARD = "gnu++0x";
				CLANG_CXX_LIBRARY = "libc++";
				CLANG_ENABLE_MODULES = YES;
				CLANG_ENABLE_OBJC_ARC = YES;
				CLANG_WARN_BOOL_CONVERSION = YES;
				CLANG_WARN_CONSTANT_CONVERSION = YES;
				CLANG_WARN_DIRECT_OBJC_ISA_USAGE = YES_ERROR;
				CLANG_WARN_EMPTY_BODY = YES;
				CLANG_WARN_ENUM_CONVERSION = YES;
				CLANG_WARN_INT_CONVERSION = YES;
				CLANG_WARN_OBJC_ROOT_CLASS = YES_ERROR;
				CLANG_WARN__DUPLICATE_METHOD_MATCH = YES;
				"CODE_SIGN_IDENTITY[sdk=iphoneos*]" = "iPhone Developer";
				COPY_PHASE_STRIP = NO;
				GCC_C_LANGUAGE_STANDARD = gnu99;
				GCC_DYNAMIC_NO_PIC = NO;
				GCC_OPTIMIZATION_LEVEL = 0;
				GCC_PREPROCESSOR_DEFINITIONS = (
					"DEBUG=1",
					"$(inherited)",
				);
				GCC_SYMBOLS_PRIVATE_EXTERN = NO;
				GCC_WARN_64_TO_32_BIT_CONVERSION = YES;
				GCC_WARN_ABOUT_RETURN_TYPE = YES_ERROR;
				GCC_WARN_UNDECLARED_SELECTOR = YES;
				GCC_WARN_UNINITIALIZED_AUTOS = YES_AGGRESSIVE;
				GCC_WARN_UNUSED_FUNCTION = YES;
				GCC_WARN_UNUSED_VARIABLE = YES;
				IPHONEOS_DEPLOYMENT_TARGET = 7.1;
				ONLY_ACTIVE_ARCH = YES;
				OTHER_CFLAGS = "-Wall";
				SDKROOT = iphoneos;
			};
			name = Debug;
		};
		AEF319B519087B3D0066BFAC /* Release */ = {
			isa = XCBuildConfiguration;
			buildSettings = {
				ALWAYS_SEARCH_USER_PATHS = NO;
				CLANG_CXX_LANGUAGE_STANDARD = "gnu++0x";
				CLANG_CXX_LIBRARY = "libc++";
				CLANG_ENABLE_MODULES = YES;
				CLANG_ENABLE_OBJC_ARC = YES;
				CLANG_WARN_BOOL_CONVERSION = YES;
				CLANG_WARN_CONSTANT_CONVERSION = YES;
				CLANG_WARN_DIRECT_OBJC_ISA_USAGE = YES_ERROR;
				CLANG_WARN_EMPTY_BODY = YES;
				CLANG_WARN_ENUM_CONVERSION = YES;
				CLANG_WARN_INT_CONVERSION = YES;
				CLANG_WARN_OBJC_ROOT_CLASS = YES_ERROR;
				CLANG_WARN__DUPLICATE_METHOD_MATCH = YES;
				"CODE_SIGN_IDENTITY[sdk=iphoneos*]" = "iPhone Developer";
				COPY_PHASE_STRIP = YES;
				ENABLE_NS_ASSERTIONS = NO;
				GCC_C_LANGUAGE_STANDARD = gnu99;
				GCC_WARN_64_TO_32_BIT_CONVERSION = YES;
				GCC_WARN_ABOUT_RETURN_TYPE = YES_ERROR;
				GCC_WARN_UNDECLARED_SELECTOR = YES;
				GCC_WARN_UNINITIALIZED_AUTOS = YES_AGGRESSIVE;
				GCC_WARN_UNUSED_FUNCTION = YES;
				GCC_WARN_UNUSED_VARIABLE = YES;
				IPHONEOS_DEPLOYMENT_TARGET = 7.1;
				OTHER_CFLAGS = "-Wall";
				SDKROOT = iphoneos;
				VALIDATE_PRODUCT = YES;
			};
			name = Release;
		};
		AEF319B719087B3D0066BFAC /* Debug */ = {
			isa = XCBuildConfiguration;
			buildSettings = {
				ASSETCATALOG_COMPILER_APPICON_NAME = AppIcon;
				ASSETCATALOG_COMPILER_LAUNCHIMAGE_NAME = LaunchImage;
				GCC_PRECOMPILE_PREFIX_HEADER = YES;
				GCC_PREFIX_HEADER = "FOGMJPEGImageView Example/FOGMJPEGImageView Example-Prefix.pch";
				INFOPLIST_FILE = "FOGMJPEGImageView Example/FOGMJPEGImageView Example-Info.plist";
				PRODUCT_NAME = "$(TARGET_NAME)";
				WRAPPER_EXTENSION = app;
			};
			name = Debug;
		};
		AEF319B819087B3D0066BFAC /* Release */ = {
			isa = XCBuildConfiguration;
			buildSettings = {
				ASSETCATALOG_COMPILER_APPICON_NAME = AppIcon;
				ASSETCATALOG_COMPILER_LAUNCHIMAGE_NAME = LaunchImage;
				GCC_PRECOMPILE_PREFIX_HEADER = YES;
				GCC_PREFIX_HEADER = "FOGMJPEGImageView Example/FOGMJPEGImageView Example-Prefix.pch";
				INFOPLIST_FILE = "FOGMJPEGImageView Example/FOGMJPEGImageView Example-Info.plist";
				PRODUCT_NAME = "$(TARGET_NAME)";
				WRAPPER_EXTENSION = app;
			};
			name = Release;
		};
/* End XCBuildConfiguration section */

/* Begin XCConfigurationList section */
		AEF3197F19087B3D0066BFAC /* Build configuration list for PBXProject "FOGMJPEGImageView Example" */ = {
			isa = XCConfigurationList;
			buildConfigurations = (
				AEF319B419087B3D0066BFAC /* Debug */,
				AEF319B519087B3D0066BFAC /* Release */,
			);
			defaultConfigurationIsVisible = 0;
			defaultConfigurationName = Release;
		};
		AEF319B619087B3D0066BFAC /* Build configuration list for PBXNativeTarget "FOGMJPEGImageView Example" */ = {
			isa = XCConfigurationList;
			buildConfigurations = (
				AEF319B719087B3D0066BFAC /* Debug */,
				AEF319B819087B3D0066BFAC /* Release */,
			);
			defaultConfigurationIsVisible = 0;
			defaultConfigurationName = Release;
		};
/* End XCConfigurationList section */
	};
	rootObject = AEF3197C19087B3D0066BFAC /* Project object */;
}
